
Microsoft Visual Studio Solution File, Format Version 12.00
# Visual Studio Version 17
VisualStudioVersion = 17.0.31903.59
MinimumVisualStudioVersion = 10.0.40219.1
Project("{FAE04EC0-301F-11D3-BF4B-00C04F79EFBC}") = "TylerExample.Spec", "TylerExample.Spec\TylerExample.Spec.csproj", "{7832910D-C81C-4772-BB1F-7E4A461DD76A}"
EndProject
Project("{FAE04EC0-301F-11D3-BF4B-00C04F79EFBC}") = "TylerExample", "TylerExample\TylerExample.csproj", "{F404D69E-5DDA-496A-A983-3A71A65F2BCF}"
EndProject
Global
	GlobalSection(SolutionConfigurationPlatforms) = preSolution
		Debug|Any CPU = Debug|Any CPU
		Release|Any CPU = Release|Any CPU
	EndGlobalSection
	GlobalSection(SolutionProperties) = preSolution
		HideSolutionNode = FALSE
	EndGlobalSection
	GlobalSection(ProjectConfigurationPlatforms) = postSolution
		{7832910D-C81C-4772-BB1F-7E4A461DD76A}.Debug|Any CPU.ActiveCfg = Debug|Any CPU
		{7832910D-C81C-4772-BB1F-7E4A461DD76A}.Debug|Any CPU.Build.0 = Debug|Any CPU
		{7832910D-C81C-4772-BB1F-7E4A461DD76A}.Release|Any CPU.ActiveCfg = Release|Any CPU
		{7832910D-C81C-4772-BB1F-7E4A461DD76A}.Release|Any CPU.Build.0 = Release|Any CPU
		{F404D69E-5DDA-496A-A983-3A71A65F2BCF}.Debug|Any CPU.ActiveCfg = Debug|Any CPU
		{F404D69E-5DDA-496A-A983-3A71A65F2BCF}.Debug|Any CPU.Build.0 = Debug|Any CPU
		{F404D69E-5DDA-496A-A983-3A71A65F2BCF}.Release|Any CPU.ActiveCfg = Release|Any CPU
		{F404D69E-5DDA-496A-A983-3A71A65F2BCF}.Release|Any CPU.Build.0 = Release|Any CPU
	EndGlobalSection
EndGlobal
